
Microsoft Visual Studio Solution File, Format Version 12.00
# Visual Studio Version 17
VisualStudioVersion = 17.13.35931.197
MinimumVisualStudioVersion = 10.0.40219.1
Project("{FAE04EC0-301F-11D3-BF4B-00C04F79EFBC}") = "WareHouse", "WareHouse.csproj", "{EA6ECE3A-4693-4CF2-8298-8FD9BA4D4D93}"
EndProject
Project("{FAE04EC0-301F-11D3-BF4B-00C04F79EFBC}") = "TestProject1", "..\TestProject1\TestProject1.csproj", "{AEB13E72-B686-4C84-8DC2-9B71BB4BB869}"
EndProject
Global
	GlobalSection(SolutionConfigurationPlatforms) = preSolution
		Debug|Any CPU = Debug|Any CPU
		Release|Any CPU = Release|Any CPU
	EndGlobalSection
	GlobalSection(ProjectConfigurationPlatforms) = postSolution
		{EA6ECE3A-4693-4CF2-8298-8FD9BA4D4D93}.Debug|Any CPU.ActiveCfg = Debug|Any CPU
		{EA6ECE3A-4693-4CF2-8298-8FD9BA4D4D93}.Debug|Any CPU.Build.0 = Debug|Any CPU
		{EA6ECE3A-4693-4CF2-8298-8FD9BA4D4D93}.Release|Any CPU.ActiveCfg = Release|Any CPU
		{EA6ECE3A-4693-4CF2-8298-8FD9BA4D4D93}.Release|Any CPU.Build.0 = Release|Any CPU
		{AEB13E72-B686-4C84-8DC2-9B71BB4BB869}.Debug|Any CPU.ActiveCfg = Debug|Any CPU
		{AEB13E72-B686-4C84-8DC2-9B71BB4BB869}.Debug|Any CPU.Build.0 = Debug|Any CPU
		{AEB13E72-B686-4C84-8DC2-9B71BB4BB869}.Release|Any CPU.ActiveCfg = Release|Any CPU
		{AEB13E72-B686-4C84-8DC2-9B71BB4BB869}.Release|Any CPU.Build.0 = Release|Any CPU
	EndGlobalSection
	GlobalSection(SolutionProperties) = preSolution
		HideSolutionNode = FALSE
	EndGlobalSection
	GlobalSection(ExtensibilityGlobals) = postSolution
		SolutionGuid = {12920DA0-E60F-4480-A265-E3B67E168159}
	EndGlobalSection
EndGlobal
